// !$*UTF8*$!
{
	archiveVersion = 1;
	classes = {
	};
	objectVersion = 46;
	objects = {

/* Begin PBXBuildFile section */
		A225BB7F1EF57C5B00BA2198 /* AppDelegate.swift in Sources */ = {isa = PBXBuildFile; fileRef = A225BB7E1EF57C5B00BA2198 /* AppDelegate.swift */; };
		A225BB811EF57C5B00BA2198 /* MessageController.swift in Sources */ = {isa = PBXBuildFile; fileRef = A225BB801EF57C5B00BA2198 /* MessageController.swift */; };
		A225BB891EF57C5B00BA2198 /* LaunchScreen.storyboard in Resources */ = {isa = PBXBuildFile; fileRef = A225BB871EF57C5B00BA2198 /* LaunchScreen.storyboard */; };
		A225BB921EF584A500BA2198 /* LoginViewController.swift in Sources */ = {isa = PBXBuildFile; fileRef = A225BB911EF584A500BA2198 /* LoginViewController.swift */; };
		A225BB961EF6BDA800BA2198 /* GoogleService-Info.plist in Resources */ = {isa = PBXBuildFile; fileRef = A225BB951EF6BDA800BA2198 /* GoogleService-Info.plist */; };
		A225BB981EFAC45700BA2198 /* NewMessageController.swift in Sources */ = {isa = PBXBuildFile; fileRef = A225BB971EFAC45700BA2198 /* NewMessageController.swift */; };
		A225BB9B1EFACD5900BA2198 /* User.swift in Sources */ = {isa = PBXBuildFile; fileRef = A225BB9A1EFACD5900BA2198 /* User.swift */; };
		A22946201F123297007210C1 /* Message.swift in Sources */ = {isa = PBXBuildFile; fileRef = A229461F1F123297007210C1 /* Message.swift */; };
		A22946231F1272EF007210C1 /* UserCell.swift in Sources */ = {isa = PBXBuildFile; fileRef = A22946221F1272EF007210C1 /* UserCell.swift */; };
		A240D3281EFF9CF400532602 /* LoginController+Handler.swift in Sources */ = {isa = PBXBuildFile; fileRef = A240D3271EFF9CF400532602 /* LoginController+Handler.swift */; };
		A29042EF1F077B8A00BEBA4E /* Extension.swift in Sources */ = {isa = PBXBuildFile; fileRef = A29042EE1F077B8A00BEBA4E /* Extension.swift */; };
		A29042F11F080DF600BEBA4E /* ChatLogController.swift in Sources */ = {isa = PBXBuildFile; fileRef = A29042F01F080DF600BEBA4E /* ChatLogController.swift */; };
		A290AF981F1A5B1200F22EF0 /* ChatMessageCell.swift in Sources */ = {isa = PBXBuildFile; fileRef = A290AF971F1A5B1200F22EF0 /* ChatMessageCell.swift */; };
		A290AF9A1F1B4C3500F22EF0 /* Constant.swift in Sources */ = {isa = PBXBuildFile; fileRef = A290AF991F1B4C3500F22EF0 /* Constant.swift */; };
		A2C89EF81F2C74FB00951E7D /* Assets.xcassets in Resources */ = {isa = PBXBuildFile; fileRef = A2C89EF71F2C74FB00951E7D /* Assets.xcassets */; };
		B9721E355FB794175943C489 /* Pods_chatUsingFirebase.framework in Frameworks */ = {isa = PBXBuildFile; fileRef = 747055ED63CCCA01ABCA13E5 /* Pods_chatUsingFirebase.framework */; };
/* End PBXBuildFile section */

/* Begin PBXFileReference section */
		747055ED63CCCA01ABCA13E5 /* Pods_chatUsingFirebase.framework */ = {isa = PBXFileReference; explicitFileType = wrapper.framework; includeInIndex = 0; path = Pods_chatUsingFirebase.framework; sourceTree = BUILT_PRODUCTS_DIR; };
		7A3FF3625D679CECAD928197 /* Pods-chatUsingFirebase.release.xcconfig */ = {isa = PBXFileReference; includeInIndex = 1; lastKnownFileType = text.xcconfig; name = "Pods-chatUsingFirebase.release.xcconfig"; path = "Pods/Target Support Files/Pods-chatUsingFirebase/Pods-chatUsingFirebase.release.xcconfig"; sourceTree = "<group>"; };
		928A673CE2565A2E87A39226 /* Pods-chatUsingFirebase.debug.xcconfig */ = {isa = PBXFileReference; includeInIndex = 1; lastKnownFileType = text.xcconfig; name = "Pods-chatUsingFirebase.debug.xcconfig"; path = "Pods/Target Support Files/Pods-chatUsingFirebase/Pods-chatUsingFirebase.debug.xcconfig"; sourceTree = "<group>"; };
		A225BB7B1EF57C5B00BA2198 /* chatUsingFirebase.app */ = {isa = PBXFileReference; explicitFileType = wrapper.application; includeInIndex = 0; path = chatUsingFirebase.app; sourceTree = BUILT_PRODUCTS_DIR; };
		A225BB7E1EF57C5B00BA2198 /* AppDelegate.swift */ = {isa = PBXFileReference; lastKnownFileType = sourcecode.swift; path = AppDelegate.swift; sourceTree = "<group>"; };
		A225BB801EF57C5B00BA2198 /* MessageController.swift */ = {isa = PBXFileReference; lastKnownFileType = sourcecode.swift; path = MessageController.swift; sourceTree = "<group>"; };
		A225BB881EF57C5B00BA2198 /* Base */ = {isa = PBXFileReference; lastKnownFileType = file.storyboard; name = Base; path = Base.lproj/LaunchScreen.storyboard; sourceTree = "<group>"; };
		A225BB8A1EF57C5B00BA2198 /* Info.plist */ = {isa = PBXFileReference; lastKnownFileType = text.plist.xml; path = Info.plist; sourceTree = "<group>"; };
		A225BB911EF584A500BA2198 /* LoginViewController.swift */ = {isa = PBXFileReference; fileEncoding = 4; lastKnownFileType = sourcecode.swift; path = LoginViewController.swift; sourceTree = "<group>"; };
		A225BB951EF6BDA800BA2198 /* GoogleService-Info.plist */ = {isa = PBXFileReference; fileEncoding = 4; lastKnownFileType = text.plist.xml; path = "GoogleService-Info.plist"; sourceTree = "<group>"; };
		A225BB971EFAC45700BA2198 /* NewMessageController.swift */ = {isa = PBXFileReference; fileEncoding = 4; lastKnownFileType = sourcecode.swift; path = NewMessageController.swift; sourceTree = "<group>"; };
		A225BB9A1EFACD5900BA2198 /* User.swift */ = {isa = PBXFileReference; fileEncoding = 4; lastKnownFileType = sourcecode.swift; path = User.swift; sourceTree = "<group>"; };
		A229461F1F123297007210C1 /* Message.swift */ = {isa = PBXFileReference; fileEncoding = 4; lastKnownFileType = sourcecode.swift; path = Message.swift; sourceTree = "<group>"; };
		A22946221F1272EF007210C1 /* UserCell.swift */ = {isa = PBXFileReference; fileEncoding = 4; lastKnownFileType = sourcecode.swift; path = UserCell.swift; sourceTree = "<group>"; };
		A240D3271EFF9CF400532602 /* LoginController+Handler.swift */ = {isa = PBXFileReference; fileEncoding = 4; lastKnownFileType = sourcecode.swift; path = "LoginController+Handler.swift"; sourceTree = "<group>"; };
		A29042EE1F077B8A00BEBA4E /* Extension.swift */ = {isa = PBXFileReference; fileEncoding = 4; lastKnownFileType = sourcecode.swift; path = Extension.swift; sourceTree = "<group>"; };
		A29042F01F080DF600BEBA4E /* ChatLogController.swift */ = {isa = PBXFileReference; fileEncoding = 4; lastKnownFileType = sourcecode.swift; path = ChatLogController.swift; sourceTree = "<group>"; };
		A290AF971F1A5B1200F22EF0 /* ChatMessageCell.swift */ = {isa = PBXFileReference; fileEncoding = 4; lastKnownFileType = sourcecode.swift; path = ChatMessageCell.swift; sourceTree = "<group>"; };
		A290AF991F1B4C3500F22EF0 /* Constant.swift */ = {isa = PBXFileReference; fileEncoding = 4; lastKnownFileType = sourcecode.swift; path = Constant.swift; sourceTree = "<group>"; };
		A2C89EF71F2C74FB00951E7D /* Assets.xcassets */ = {isa = PBXFileReference; lastKnownFileType = folder.assetcatalog; path = Assets.xcassets; sourceTree = "<group>"; };
/* End PBXFileReference section */

/* Begin PBXFrameworksBuildPhase section */
		A225BB781EF57C5B00BA2198 /* Frameworks */ = {
			isa = PBXFrameworksBuildPhase;
			buildActionMask = 2147483647;
			files = (
				B9721E355FB794175943C489 /* Pods_chatUsingFirebase.framework in Frameworks */,
			);
			runOnlyForDeploymentPostprocessing = 0;
		};
/* End PBXFrameworksBuildPhase section */

/* Begin PBXGroup section */
		6186135FFAC8DBB721557EDD /* Frameworks */ = {
			isa = PBXGroup;
			children = (
				747055ED63CCCA01ABCA13E5 /* Pods_chatUsingFirebase.framework */,
			);
			name = Frameworks;
			sourceTree = "<group>";
		};
		77B573AFE85F44396B030ADF /* Pods */ = {
			isa = PBXGroup;
			children = (
				928A673CE2565A2E87A39226 /* Pods-chatUsingFirebase.debug.xcconfig */,
				7A3FF3625D679CECAD928197 /* Pods-chatUsingFirebase.release.xcconfig */,
			);
			name = Pods;
			sourceTree = "<group>";
		};
		A225BB721EF57C5B00BA2198 = {
			isa = PBXGroup;
			children = (
				A225BB7D1EF57C5B00BA2198 /* chatUsingFirebase */,
				A2C89EF71F2C74FB00951E7D /* Assets.xcassets */,
				A225BB7C1EF57C5B00BA2198 /* Products */,
				77B573AFE85F44396B030ADF /* Pods */,
				6186135FFAC8DBB721557EDD /* Frameworks */,
			);
			sourceTree = "<group>";
		};
		A225BB7C1EF57C5B00BA2198 /* Products */ = {
			isa = PBXGroup;
			children = (
				A225BB7B1EF57C5B00BA2198 /* chatUsingFirebase.app */,
			);
			name = Products;
			sourceTree = "<group>";
		};
		A225BB7D1EF57C5B00BA2198 /* chatUsingFirebase */ = {
			isa = PBXGroup;
			children = (
				A225BB951EF6BDA800BA2198 /* GoogleService-Info.plist */,
				A225BB901EF5849000BA2198 /* Controller */,
				A225BB7E1EF57C5B00BA2198 /* AppDelegate.swift */,
				A225BB871EF57C5B00BA2198 /* LaunchScreen.storyboard */,
				A225BB8A1EF57C5B00BA2198 /* Info.plist */,
			);
			path = chatUsingFirebase;
			sourceTree = "<group>";
		};
		A225BB901EF5849000BA2198 /* Controller */ = {
			isa = PBXGroup;
			children = (
				A29042ED1F077B6C00BEBA4E /* Helpers */,
				A22946211F1272C8007210C1 /* View */,
				A225BB991EFACD4800BA2198 /* Model */,
				A225BB911EF584A500BA2198 /* LoginViewController.swift */,
				A240D3271EFF9CF400532602 /* LoginController+Handler.swift */,
				A225BB801EF57C5B00BA2198 /* MessageController.swift */,
				A225BB971EFAC45700BA2198 /* NewMessageController.swift */,
				A29042F01F080DF600BEBA4E /* ChatLogController.swift */,
			);
			name = Controller;
			sourceTree = "<group>";
		};
		A225BB991EFACD4800BA2198 /* Model */ = {
			isa = PBXGroup;
			children = (
				A225BB9A1EFACD5900BA2198 /* User.swift */,
				A229461F1F123297007210C1 /* Message.swift */,
			);
			name = Model;
			sourceTree = "<group>";
		};
		A22946211F1272C8007210C1 /* View */ = {
			isa = PBXGroup;
			children = (
				A22946221F1272EF007210C1 /* UserCell.swift */,
				A290AF971F1A5B1200F22EF0 /* ChatMessageCell.swift */,
			);
			name = View;
			sourceTree = "<group>";
		};
		A29042ED1F077B6C00BEBA4E /* Helpers */ = {
			isa = PBXGroup;
			children = (
				A29042EE1F077B8A00BEBA4E /* Extension.swift */,
				A290AF991F1B4C3500F22EF0 /* Constant.swift */,
			);
			name = Helpers;
			sourceTree = "<group>";
		};
/* End PBXGroup section */

/* Begin PBXNativeTarget section */
		A225BB7A1EF57C5B00BA2198 /* chatUsingFirebase */ = {
			isa = PBXNativeTarget;
			buildConfigurationList = A225BB8D1EF57C5B00BA2198 /* Build configuration list for PBXNativeTarget "chatUsingFirebase" */;
			buildPhases = (
				A8288FD36510E97424AD39AD /* [CP] Check Pods Manifest.lock */,
				A225BB771EF57C5B00BA2198 /* Sources */,
				A225BB781EF57C5B00BA2198 /* Frameworks */,
				A225BB791EF57C5B00BA2198 /* Resources */,
				9CCB89138D105D279488A191 /* [CP] Embed Pods Frameworks */,
				15786E6F47D1D74923BD2256 /* [CP] Copy Pods Resources */,
			);
			buildRules = (
			);
			dependencies = (
			);
			name = chatUsingFirebase;
			productName = chatUsingFirebase;
			productReference = A225BB7B1EF57C5B00BA2198 /* chatUsingFirebase.app */;
			productType = "com.apple.product-type.application";
		};
/* End PBXNativeTarget section */

/* Begin PBXProject section */
		A225BB731EF57C5B00BA2198 /* Project object */ = {
			isa = PBXProject;
			attributes = {
				LastSwiftUpdateCheck = 0830;
				LastUpgradeCheck = 0830;
				ORGANIZATIONNAME = "park kyung suk";
				TargetAttributes = {
					A225BB7A1EF57C5B00BA2198 = {
						CreatedOnToolsVersion = 8.3.2;
						DevelopmentTeam = 4NG4Y8JK7B;
						ProvisioningStyle = Automatic;
					};
				};
			};
			buildConfigurationList = A225BB761EF57C5B00BA2198 /* Build configuration list for PBXProject "chatUsingFirebase" */;
			compatibilityVersion = "Xcode 3.2";
			developmentRegion = English;
			hasScannedForEncodings = 0;
			knownRegions = (
				en,
				Base,
			);
			mainGroup = A225BB721EF57C5B00BA2198;
			productRefGroup = A225BB7C1EF57C5B00BA2198 /* Products */;
			projectDirPath = "";
			projectRoot = "";
			targets = (
				A225BB7A1EF57C5B00BA2198 /* chatUsingFirebase */,
			);
		};
/* End PBXProject section */

/* Begin PBXResourcesBuildPhase section */
		A225BB791EF57C5B00BA2198 /* Resources */ = {
			isa = PBXResourcesBuildPhase;
			buildActionMask = 2147483647;
			files = (
				A225BB891EF57C5B00BA2198 /* LaunchScreen.storyboard in Resources */,
				A2C89EF81F2C74FB00951E7D /* Assets.xcassets in Resources */,
				A225BB961EF6BDA800BA2198 /* GoogleService-Info.plist in Resources */,
			);
			runOnlyForDeploymentPostprocessing = 0;
		};
/* End PBXResourcesBuildPhase section */

/* Begin PBXShellScriptBuildPhase section */
		15786E6F47D1D74923BD2256 /* [CP] Copy Pods Resources */ = {
			isa = PBXShellScriptBuildPhase;
			buildActionMask = 2147483647;
			files = (
			);
			inputPaths = (
			);
			name = "[CP] Copy Pods Resources";
			outputPaths = (
			);
			runOnlyForDeploymentPostprocessing = 0;
			shellPath = /bin/sh;
			shellScript = "\"${SRCROOT}/Pods/Target Support Files/Pods-chatUsingFirebase/Pods-chatUsingFirebase-resources.sh\"\n";
			showEnvVarsInLog = 0;
		};
		9CCB89138D105D279488A191 /* [CP] Embed Pods Frameworks */ = {
			isa = PBXShellScriptBuildPhase;
			buildActionMask = 2147483647;
			files = (
			);
			inputPaths = (
			);
			name = "[CP] Embed Pods Frameworks";
			outputPaths = (
			);
			runOnlyForDeploymentPostprocessing = 0;
			shellPath = /bin/sh;
			shellScript = "\"${SRCROOT}/Pods/Target Support Files/Pods-chatUsingFirebase/Pods-chatUsingFirebase-frameworks.sh\"\n";
			showEnvVarsInLog = 0;
		};
		A8288FD36510E97424AD39AD /* [CP] Check Pods Manifest.lock */ = {
			isa = PBXShellScriptBuildPhase;
			buildActionMask = 2147483647;
			files = (
			);
			inputPaths = (
			);
			name = "[CP] Check Pods Manifest.lock";
			outputPaths = (
			);
			runOnlyForDeploymentPostprocessing = 0;
			shellPath = /bin/sh;
			shellScript = "diff \"${PODS_PODFILE_DIR_PATH}/Podfile.lock\" \"${PODS_ROOT}/Manifest.lock\" > /dev/null\nif [ $? != 0 ] ; then\n    # print error to STDERR\n    echo \"error: The sandbox is not in sync with the Podfile.lock. Run 'pod install' or update your CocoaPods installation.\" >&2\n    exit 1\nfi\n";
			showEnvVarsInLog = 0;
		};
/* End PBXShellScriptBuildPhase section */

/* Begin PBXSourcesBuildPhase section */
		A225BB771EF57C5B00BA2198 /* Sources */ = {
			isa = PBXSourcesBuildPhase;
			buildActionMask = 2147483647;
			files = (
				A29042F11F080DF600BEBA4E /* ChatLogController.swift in Sources */,
				A225BB981EFAC45700BA2198 /* NewMessageController.swift in Sources */,
				A225BB921EF584A500BA2198 /* LoginViewController.swift in Sources */,
				A22946201F123297007210C1 /* Message.swift in Sources */,
				A29042EF1F077B8A00BEBA4E /* Extension.swift in Sources */,
				A240D3281EFF9CF400532602 /* LoginController+Handler.swift in Sources */,
				A225BB811EF57C5B00BA2198 /* MessageController.swift in Sources */,
				A225BB9B1EFACD5900BA2198 /* User.swift in Sources */,
				A22946231F1272EF007210C1 /* UserCell.swift in Sources */,
				A225BB7F1EF57C5B00BA2198 /* AppDelegate.swift in Sources */,
				A290AF981F1A5B1200F22EF0 /* ChatMessageCell.swift in Sources */,
				A290AF9A1F1B4C3500F22EF0 /* Constant.swift in Sources */,
			);
			runOnlyForDeploymentPostprocessing = 0;
		};
/* End PBXSourcesBuildPhase section */

/* Begin PBXVariantGroup section */
		A225BB871EF57C5B00BA2198 /* LaunchScreen.storyboard */ = {
			isa = PBXVariantGroup;
			children = (
				A225BB881EF57C5B00BA2198 /* Base */,
			);
			name = LaunchScreen.storyboard;
			sourceTree = "<group>";
		};
/* End PBXVariantGroup section */

/* Begin XCBuildConfiguration section */
		A225BB8B1EF57C5B00BA2198 /* Debug */ = {
			isa = XCBuildConfiguration;
			buildSettings = {
				ALWAYS_SEARCH_USER_PATHS = NO;
				CLANG_ANALYZER_NONNULL = YES;
				CLANG_ANALYZER_NUMBER_OBJECT_CONVERSION = YES_AGGRESSIVE;
				CLANG_CXX_LANGUAGE_STANDARD = "gnu++0x";
				CLANG_CXX_LIBRARY = "libc++";
				CLANG_ENABLE_MODULES = YES;
				CLANG_ENABLE_OBJC_ARC = YES;
				CLANG_WARN_BOOL_CONVERSION = YES;
				CLANG_WARN_CONSTANT_CONVERSION = YES;
				CLANG_WARN_DIRECT_OBJC_ISA_USAGE = YES_ERROR;
				CLANG_WARN_DOCUMENTATION_COMMENTS = YES;
				CLANG_WARN_EMPTY_BODY = YES;
				CLANG_WARN_ENUM_CONVERSION = YES;
				CLANG_WARN_INFINITE_RECURSION = YES;
				CLANG_WARN_INT_CONVERSION = YES;
				CLANG_WARN_OBJC_ROOT_CLASS = YES_ERROR;
				CLANG_WARN_SUSPICIOUS_MOVE = YES;
				CLANG_WARN_UNREACHABLE_CODE = YES;
				CLANG_WARN__DUPLICATE_METHOD_MATCH = YES;
				"CODE_SIGN_IDENTITY[sdk=iphoneos*]" = "iPhone Developer";
				COPY_PHASE_STRIP = NO;
				DEBUG_INFORMATION_FORMAT = dwarf;
				ENABLE_STRICT_OBJC_MSGSEND = YES;
				ENABLE_TESTABILITY = YES;
				GCC_C_LANGUAGE_STANDARD = gnu99;
				GCC_DYNAMIC_NO_PIC = NO;
				GCC_NO_COMMON_BLOCKS = YES;
				GCC_OPTIMIZATION_LEVEL = 0;
				GCC_PREPROCESSOR_DEFINITIONS = (
					"DEBUG=1",
					"$(inherited)",
				);
				GCC_WARN_64_TO_32_BIT_CONVERSION = YES;
				GCC_WARN_ABOUT_RETURN_TYPE = YES_ERROR;
				GCC_WARN_UNDECLARED_SELECTOR = YES;
				GCC_WARN_UNINITIALIZED_AUTOS = YES_AGGRESSIVE;
				GCC_WARN_UNUSED_FUNCTION = YES;
				GCC_WARN_UNUSED_VARIABLE = YES;
				IPHONEOS_DEPLOYMENT_TARGET = 10.3;
				MTL_ENABLE_DEBUG_INFO = YES;
				ONLY_ACTIVE_ARCH = YES;
				SDKROOT = iphoneos;
				SWIFT_ACTIVE_COMPILATION_CONDITIONS = DEBUG;
				SWIFT_OPTIMIZATION_LEVEL = "-Onone";
				TARGETED_DEVICE_FAMILY = "1,2";
			};
			name = Debug;
		};
		A225BB8C1EF57C5B00BA2198 /* Release */ = {
			isa = XCBuildConfiguration;
			buildSettings = {
				ALWAYS_SEARCH_USER_PATHS = NO;
				CLANG_ANALYZER_NONNULL = YES;
				CLANG_ANALYZER_NUMBER_OBJECT_CONVERSION = YES_AGGRESSIVE;
				CLANG_CXX_LANGUAGE_STANDARD = "gnu++0x";
				CLANG_CXX_LIBRARY = "libc++";
				CLANG_ENABLE_MODULES = YES;
				CLANG_ENABLE_OBJC_ARC = YES;
				CLANG_WARN_BOOL_CONVERSION = YES;
				CLANG_WARN_CONSTANT_CONVERSION = YES;
				CLANG_WARN_DIRECT_OBJC_ISA_USAGE = YES_ERROR;
				CLANG_WARN_DOCUMENTATION_COMMENTS = YES;
				CLANG_WARN_EMPTY_BODY = YES;
				CLANG_WARN_ENUM_CONVERSION = YES;
				CLANG_WARN_INFINITE_RECURSION = YES;
				CLANG_WARN_INT_CONVERSION = YES;
				CLANG_WARN_OBJC_ROOT_CLASS = YES_ERROR;
				CLANG_WARN_SUSPICIOUS_MOVE = YES;
				CLANG_WARN_UNREACHABLE_CODE = YES;
				CLANG_WARN__DUPLICATE_METHOD_MATCH = YES;
				"CODE_SIGN_IDENTITY[sdk=iphoneos*]" = "iPhone Developer";
				COPY_PHASE_STRIP = NO;
				DEBUG_INFORMATION_FORMAT = "dwarf-with-dsym";
				ENABLE_NS_ASSERTIONS = NO;
				ENABLE_STRICT_OBJC_MSGSEND = YES;
				GCC_C_LANGUAGE_STANDARD = gnu99;
				GCC_NO_COMMON_BLOCKS = YES;
				GCC_WARN_64_TO_32_BIT_CONVERSION = YES;
				GCC_WARN_ABOUT_RETURN_TYPE = YES_ERROR;
				GCC_WARN_UNDECLARED_SELECTOR = YES;
				GCC_WARN_UNINITIALIZED_AUTOS = YES_AGGRESSIVE;
				GCC_WARN_UNUSED_FUNCTION = YES;
				GCC_WARN_UNUSED_VARIABLE = YES;
				IPHONEOS_DEPLOYMENT_TARGET = 10.3;
				MTL_ENABLE_DEBUG_INFO = NO;
				SDKROOT = iphoneos;
				SWIFT_OPTIMIZATION_LEVEL = "-Owholemodule";
				TARGETED_DEVICE_FAMILY = "1,2";
				VALIDATE_PRODUCT = YES;
			};
			name = Release;
		};
		A225BB8E1EF57C5B00BA2198 /* Debug */ = {
			isa = XCBuildConfiguration;
			baseConfigurationReference = 928A673CE2565A2E87A39226 /* Pods-chatUsingFirebase.debug.xcconfig */;
			buildSettings = {
				ASSETCATALOG_COMPILER_APPICON_NAME = AppIcon;
				DEVELOPMENT_TEAM = 4NG4Y8JK7B;
				INFOPLIST_FILE = chatUsingFirebase/Info.plist;
				LD_RUNPATH_SEARCH_PATHS = "$(inherited) @executable_path/Frameworks";
				PRODUCT_BUNDLE_IDENTIFIER = ninimepaku.chatUsingFirebase;
				PRODUCT_NAME = "$(TARGET_NAME)";
				SWIFT_VERSION = 3.0;
			};
			name = Debug;
		};
		A225BB8F1EF57C5B00BA2198 /* Release */ = {
			isa = XCBuildConfiguration;
			baseConfigurationReference = 7A3FF3625D679CECAD928197 /* Pods-chatUsingFirebase.release.xcconfig */;
			buildSettings = {
				ASSETCATALOG_COMPILER_APPICON_NAME = AppIcon;
				DEVELOPMENT_TEAM = 4NG4Y8JK7B;
				INFOPLIST_FILE = chatUsingFirebase/Info.plist;
				LD_RUNPATH_SEARCH_PATHS = "$(inherited) @executable_path/Frameworks";
				PRODUCT_BUNDLE_IDENTIFIER = ninimepaku.chatUsingFirebase;
				PRODUCT_NAME = "$(TARGET_NAME)";
				SWIFT_VERSION = 3.0;
			};
			name = Release;
		};
/* End XCBuildConfiguration section */

/* Begin XCConfigurationList section */
		A225BB761EF57C5B00BA2198 /* Build configuration list for PBXProject "chatUsingFirebase" */ = {
			isa = XCConfigurationList;
			buildConfigurations = (
				A225BB8B1EF57C5B00BA2198 /* Debug */,
				A225BB8C1EF57C5B00BA2198 /* Release */,
			);
			defaultConfigurationIsVisible = 0;
			defaultConfigurationName = Release;
		};
		A225BB8D1EF57C5B00BA2198 /* Build configuration list for PBXNativeTarget "chatUsingFirebase" */ = {
			isa = XCConfigurationList;
			buildConfigurations = (
				A225BB8E1EF57C5B00BA2198 /* Debug */,
				A225BB8F1EF57C5B00BA2198 /* Release */,
			);
			defaultConfigurationIsVisible = 0;
			defaultConfigurationName = Release;
		};
/* End XCConfigurationList section */
	};
	rootObject = A225BB731EF57C5B00BA2198 /* Project object */;
}
